// !$*UTF8*$!
{
	archiveVersion = 1;
	classes = {
	};
	objectVersion = 50;
	objects = {

/* Begin PBXBuildFile section */
		17FEA0B32358986A006B7762 /* RWSQLite.swift in Sources */ = {isa = PBXBuildFile; fileRef = 17FEA0B22358986A006B7762 /* RWSQLite.swift */; };
		17FEA0B72358A115006B7762 /* RWSQLiteBlob.swift in Sources */ = {isa = PBXBuildFile; fileRef = 17FEA0B62358A115006B7762 /* RWSQLiteBlob.swift */; };
		17FEA0B92358A123006B7762 /* RWSQLiteBlobOpenOptions.swift in Sources */ = {isa = PBXBuildFile; fileRef = 17FEA0B82358A123006B7762 /* RWSQLiteBlobOpenOptions.swift */; };
		17FEA0BB2358A132006B7762 /* RWSQLiteData.swift in Sources */ = {isa = PBXBuildFile; fileRef = 17FEA0BA2358A132006B7762 /* RWSQLiteData.swift */; };
		17FEA0BD2358A140006B7762 /* RWSQLiteDataType.swift in Sources */ = {isa = PBXBuildFile; fileRef = 17FEA0BC2358A140006B7762 /* RWSQLiteDataType.swift */; };
		17FEA0BF2358A14D006B7762 /* RWSQLiteError.swift in Sources */ = {isa = PBXBuildFile; fileRef = 17FEA0BE2358A14D006B7762 /* RWSQLiteError.swift */; };
		17FEA0C12358A15B006B7762 /* RWSQLiteFileOpenOptions.swift in Sources */ = {isa = PBXBuildFile; fileRef = 17FEA0C02358A15B006B7762 /* RWSQLiteFileOpenOptions.swift */; };
		17FEA0C52358A17A006B7762 /* RWSQLiteLibraryThreadsafeMode.swift in Sources */ = {isa = PBXBuildFile; fileRef = 17FEA0C42358A17A006B7762 /* RWSQLiteLibraryThreadsafeMode.swift */; };
		17FEA0C72358A189006B7762 /* RWSQLiteLimit.swift in Sources */ = {isa = PBXBuildFile; fileRef = 17FEA0C62358A189006B7762 /* RWSQLiteLimit.swift */; };
		17FEA0C92358A196006B7762 /* RWSQLiteMutex.swift in Sources */ = {isa = PBXBuildFile; fileRef = 17FEA0C82358A196006B7762 /* RWSQLiteMutex.swift */; };
		17FEA0CB2358A1A2006B7762 /* RWSQLiteMutexType.swift in Sources */ = {isa = PBXBuildFile; fileRef = 17FEA0CA2358A1A2006B7762 /* RWSQLiteMutexType.swift */; };
		17FEA0CD2358A1AD006B7762 /* RWSQLiteRow.swift in Sources */ = {isa = PBXBuildFile; fileRef = 17FEA0CC2358A1AD006B7762 /* RWSQLiteRow.swift */; };
		17FEA0CF2358A1B8006B7762 /* RWSQLiteStatement.swift in Sources */ = {isa = PBXBuildFile; fileRef = 17FEA0CE2358A1B8006B7762 /* RWSQLiteStatement.swift */; };
		17FEA0D12358A1C7006B7762 /* RWSQLiteString.swift in Sources */ = {isa = PBXBuildFile; fileRef = 17FEA0D02358A1C7006B7762 /* RWSQLiteString.swift */; };
		17FEA0D32358A1D3006B7762 /* RWSQLiteStringEncoding.swift in Sources */ = {isa = PBXBuildFile; fileRef = 17FEA0D22358A1D3006B7762 /* RWSQLiteStringEncoding.swift */; };
		17FEA0D52358A1E0006B7762 /* RWSQLiteURL.swift in Sources */ = {isa = PBXBuildFile; fileRef = 17FEA0D42358A1E0006B7762 /* RWSQLiteURL.swift */; };
		17FEA0D72358A1EB006B7762 /* RWSQLiteZeroData.swift in Sources */ = {isa = PBXBuildFile; fileRef = 17FEA0D62358A1EB006B7762 /* RWSQLiteZeroData.swift */; };
		17FEA151235DE942006B7762 /* RWSQLiteResultCode.swift in Sources */ = {isa = PBXBuildFile; fileRef = 17FEA150235DE942006B7762 /* RWSQLiteResultCode.swift */; };
/* End PBXBuildFile section */

/* Begin PBXCopyFilesBuildPhase section */
		17FEA0A52358980B006B7762 /* CopyFiles */ = {
			isa = PBXCopyFilesBuildPhase;
			buildActionMask = 2147483647;
			dstPath = "include/$(PRODUCT_NAME)";
			dstSubfolderSpec = 16;
			files = (
			);
			runOnlyForDeploymentPostprocessing = 0;
		};
/* End PBXCopyFilesBuildPhase section */

/* Begin PBXFileReference section */
		17FEA0A72358980B006B7762 /* libRWSQLite.a */ = {isa = PBXFileReference; explicitFileType = archive.ar; includeInIndex = 0; path = libRWSQLite.a; sourceTree = BUILT_PRODUCTS_DIR; };
		17FEA0B22358986A006B7762 /* RWSQLite.swift */ = {isa = PBXFileReference; fileEncoding = 4; lastKnownFileType = sourcecode.swift; path = RWSQLite.swift; sourceTree = "<group>"; };
		17FEA0B62358A115006B7762 /* RWSQLiteBlob.swift */ = {isa = PBXFileReference; lastKnownFileType = sourcecode.swift; path = RWSQLiteBlob.swift; sourceTree = "<group>"; };
		17FEA0B82358A123006B7762 /* RWSQLiteBlobOpenOptions.swift */ = {isa = PBXFileReference; lastKnownFileType = sourcecode.swift; path = RWSQLiteBlobOpenOptions.swift; sourceTree = "<group>"; };
		17FEA0BA2358A132006B7762 /* RWSQLiteData.swift */ = {isa = PBXFileReference; lastKnownFileType = sourcecode.swift; path = RWSQLiteData.swift; sourceTree = "<group>"; };
		17FEA0BC2358A140006B7762 /* RWSQLiteDataType.swift */ = {isa = PBXFileReference; lastKnownFileType = sourcecode.swift; path = RWSQLiteDataType.swift; sourceTree = "<group>"; };
		17FEA0BE2358A14D006B7762 /* RWSQLiteError.swift */ = {isa = PBXFileReference; lastKnownFileType = sourcecode.swift; path = RWSQLiteError.swift; sourceTree = "<group>"; };
		17FEA0C02358A15B006B7762 /* RWSQLiteFileOpenOptions.swift */ = {isa = PBXFileReference; lastKnownFileType = sourcecode.swift; path = RWSQLiteFileOpenOptions.swift; sourceTree = "<group>"; };
		17FEA0C42358A17A006B7762 /* RWSQLiteLibraryThreadsafeMode.swift */ = {isa = PBXFileReference; lastKnownFileType = sourcecode.swift; path = RWSQLiteLibraryThreadsafeMode.swift; sourceTree = "<group>"; };
		17FEA0C62358A189006B7762 /* RWSQLiteLimit.swift */ = {isa = PBXFileReference; lastKnownFileType = sourcecode.swift; path = RWSQLiteLimit.swift; sourceTree = "<group>"; };
		17FEA0C82358A196006B7762 /* RWSQLiteMutex.swift */ = {isa = PBXFileReference; lastKnownFileType = sourcecode.swift; path = RWSQLiteMutex.swift; sourceTree = "<group>"; };
		17FEA0CA2358A1A2006B7762 /* RWSQLiteMutexType.swift */ = {isa = PBXFileReference; lastKnownFileType = sourcecode.swift; path = RWSQLiteMutexType.swift; sourceTree = "<group>"; };
		17FEA0CC2358A1AD006B7762 /* RWSQLiteRow.swift */ = {isa = PBXFileReference; lastKnownFileType = sourcecode.swift; path = RWSQLiteRow.swift; sourceTree = "<group>"; };
		17FEA0CE2358A1B8006B7762 /* RWSQLiteStatement.swift */ = {isa = PBXFileReference; lastKnownFileType = sourcecode.swift; path = RWSQLiteStatement.swift; sourceTree = "<group>"; };
		17FEA0D02358A1C7006B7762 /* RWSQLiteString.swift */ = {isa = PBXFileReference; lastKnownFileType = sourcecode.swift; path = RWSQLiteString.swift; sourceTree = "<group>"; };
		17FEA0D22358A1D3006B7762 /* RWSQLiteStringEncoding.swift */ = {isa = PBXFileReference; lastKnownFileType = sourcecode.swift; path = RWSQLiteStringEncoding.swift; sourceTree = "<group>"; };
		17FEA0D42358A1E0006B7762 /* RWSQLiteURL.swift */ = {isa = PBXFileReference; lastKnownFileType = sourcecode.swift; path = RWSQLiteURL.swift; sourceTree = "<group>"; };
		17FEA0D62358A1EB006B7762 /* RWSQLiteZeroData.swift */ = {isa = PBXFileReference; lastKnownFileType = sourcecode.swift; path = RWSQLiteZeroData.swift; sourceTree = "<group>"; };
		17FEA150235DE942006B7762 /* RWSQLiteResultCode.swift */ = {isa = PBXFileReference; fileEncoding = 4; lastKnownFileType = sourcecode.swift; path = RWSQLiteResultCode.swift; sourceTree = "<group>"; };
/* End PBXFileReference section */

/* Begin PBXFrameworksBuildPhase section */
		17FEA0A42358980B006B7762 /* Frameworks */ = {
			isa = PBXFrameworksBuildPhase;
			buildActionMask = 2147483647;
			files = (
			);
			runOnlyForDeploymentPostprocessing = 0;
		};
/* End PBXFrameworksBuildPhase section */

/* Begin PBXGroup section */
		17FEA09E2358980B006B7762 = {
			isa = PBXGroup;
			children = (
				17FEA0A92358980B006B7762 /* RWSQLite */,
				17FEA0A82358980B006B7762 /* Products */,
			);
			sourceTree = "<group>";
		};
		17FEA0A82358980B006B7762 /* Products */ = {
			isa = PBXGroup;
			children = (
				17FEA0A72358980B006B7762 /* libRWSQLite.a */,
			);
			name = Products;
			sourceTree = "<group>";
		};
		17FEA0A92358980B006B7762 /* RWSQLite */ = {
			isa = PBXGroup;
			children = (
				17FEA0B12358986A006B7762 /* RWSQLite */,
			);
			path = RWSQLite;
			sourceTree = "<group>";
		};
		17FEA0B12358986A006B7762 /* RWSQLite */ = {
			isa = PBXGroup;
			children = (
				17FEA0B22358986A006B7762 /* RWSQLite.swift */,
				17FEA0B62358A115006B7762 /* RWSQLiteBlob.swift */,
				17FEA0B82358A123006B7762 /* RWSQLiteBlobOpenOptions.swift */,
				17FEA0BA2358A132006B7762 /* RWSQLiteData.swift */,
				17FEA0BC2358A140006B7762 /* RWSQLiteDataType.swift */,
				17FEA0BE2358A14D006B7762 /* RWSQLiteError.swift */,
				17FEA0C02358A15B006B7762 /* RWSQLiteFileOpenOptions.swift */,
				17FEA0C42358A17A006B7762 /* RWSQLiteLibraryThreadsafeMode.swift */,
				17FEA0C62358A189006B7762 /* RWSQLiteLimit.swift */,
				17FEA0C82358A196006B7762 /* RWSQLiteMutex.swift */,
				17FEA0CA2358A1A2006B7762 /* RWSQLiteMutexType.swift */,
				17FEA150235DE942006B7762 /* RWSQLiteResultCode.swift */,
				17FEA0CC2358A1AD006B7762 /* RWSQLiteRow.swift */,
				17FEA0CE2358A1B8006B7762 /* RWSQLiteStatement.swift */,
				17FEA0D02358A1C7006B7762 /* RWSQLiteString.swift */,
				17FEA0D22358A1D3006B7762 /* RWSQLiteStringEncoding.swift */,
				17FEA0D42358A1E0006B7762 /* RWSQLiteURL.swift */,
				17FEA0D62358A1EB006B7762 /* RWSQLiteZeroData.swift */,
			);
			path = RWSQLite;
			sourceTree = "<group>";
		};
/* End PBXGroup section */

/* Begin PBXNativeTarget section */
		17FEA0A62358980B006B7762 /* RWSQLite */ = {
			isa = PBXNativeTarget;
			buildConfigurationList = 17FEA0AE2358980B006B7762 /* Build configuration list for PBXNativeTarget "RWSQLite" */;
			buildPhases = (
				17FEA0A32358980B006B7762 /* Sources */,
				17FEA0A42358980B006B7762 /* Frameworks */,
				17FEA0A52358980B006B7762 /* CopyFiles */,
			);
			buildRules = (
			);
			dependencies = (
			);
			name = RWSQLite;
			productName = RWSQLite;
			productReference = 17FEA0A72358980B006B7762 /* libRWSQLite.a */;
			productType = "com.apple.product-type.library.static";
		};
/* End PBXNativeTarget section */

/* Begin PBXProject section */
		17FEA09F2358980B006B7762 /* Project object */ = {
			isa = PBXProject;
			attributes = {
				LastSwiftUpdateCheck = 1030;
				LastUpgradeCheck = 1030;
				ORGANIZATIONNAME = "Roman Oliichuk";
				TargetAttributes = {
					17FEA0A62358980B006B7762 = {
						CreatedOnToolsVersion = 10.3;
					};
				};
			};
			buildConfigurationList = 17FEA0A22358980B006B7762 /* Build configuration list for PBXProject "RWSQLite" */;
			compatibilityVersion = "Xcode 9.3";
			developmentRegion = en;
			hasScannedForEncodings = 0;
			knownRegions = (
				en,
			);
			mainGroup = 17FEA09E2358980B006B7762;
			productRefGroup = 17FEA0A82358980B006B7762 /* Products */;
			projectDirPath = "";
			projectRoot = "";
			targets = (
				17FEA0A62358980B006B7762 /* RWSQLite */,
			);
		};
/* End PBXProject section */

/* Begin PBXSourcesBuildPhase section */
		17FEA0A32358980B006B7762 /* Sources */ = {
			isa = PBXSourcesBuildPhase;
			buildActionMask = 2147483647;
			files = (
				17FEA0D32358A1D3006B7762 /* RWSQLiteStringEncoding.swift in Sources */,
				17FEA0C92358A196006B7762 /* RWSQLiteMutex.swift in Sources */,
				17FEA0CD2358A1AD006B7762 /* RWSQLiteRow.swift in Sources */,
				17FEA0B32358986A006B7762 /* RWSQLite.swift in Sources */,
				17FEA0CF2358A1B8006B7762 /* RWSQLiteStatement.swift in Sources */,
				17FEA0B72358A115006B7762 /* RWSQLiteBlob.swift in Sources */,
				17FEA0C12358A15B006B7762 /* RWSQLiteFileOpenOptions.swift in Sources */,
				17FEA0C72358A189006B7762 /* RWSQLiteLimit.swift in Sources */,
				17FEA0BD2358A140006B7762 /* RWSQLiteDataType.swift in Sources */,
				17FEA151235DE942006B7762 /* RWSQLiteResultCode.swift in Sources */,
				17FEA0D52358A1E0006B7762 /* RWSQLiteURL.swift in Sources */,
				17FEA0BB2358A132006B7762 /* RWSQLiteData.swift in Sources */,
				17FEA0D12358A1C7006B7762 /* RWSQLiteString.swift in Sources */,
				17FEA0C52358A17A006B7762 /* RWSQLiteLibraryThreadsafeMode.swift in Sources */,
				17FEA0D72358A1EB006B7762 /* RWSQLiteZeroData.swift in Sources */,
				17FEA0B92358A123006B7762 /* RWSQLiteBlobOpenOptions.swift in Sources */,
				17FEA0CB2358A1A2006B7762 /* RWSQLiteMutexType.swift in Sources */,
				17FEA0BF2358A14D006B7762 /* RWSQLiteError.swift in Sources */,
			);
			runOnlyForDeploymentPostprocessing = 0;
		};
/* End PBXSourcesBuildPhase section */

/* Begin XCBuildConfiguration section */
		17FEA0AC2358980B006B7762 /* Debug */ = {
			isa = XCBuildConfiguration;
			buildSettings = {
				ALWAYS_SEARCH_USER_PATHS = NO;
				CLANG_ANALYZER_NONNULL = YES;
				CLANG_ANALYZER_NUMBER_OBJECT_CONVERSION = YES_AGGRESSIVE;
				CLANG_CXX_LANGUAGE_STANDARD = "gnu++14";
				CLANG_CXX_LIBRARY = "libc++";
				CLANG_ENABLE_MODULES = YES;
				CLANG_ENABLE_OBJC_ARC = YES;
				CLANG_ENABLE_OBJC_WEAK = YES;
				CLANG_WARN_BLOCK_CAPTURE_AUTORELEASING = YES;
				CLANG_WARN_BOOL_CONVERSION = YES;
				CLANG_WARN_COMMA = YES;
				CLANG_WARN_CONSTANT_CONVERSION = YES;
				CLANG_WARN_DEPRECATED_OBJC_IMPLEMENTATIONS = YES;
				CLANG_WARN_DIRECT_OBJC_ISA_USAGE = YES_ERROR;
				CLANG_WARN_DOCUMENTATION_COMMENTS = YES;
				CLANG_WARN_EMPTY_BODY = YES;
				CLANG_WARN_ENUM_CONVERSION = YES;
				CLANG_WARN_INFINITE_RECURSION = YES;
				CLANG_WARN_INT_CONVERSION = YES;
				CLANG_WARN_NON_LITERAL_NULL_CONVERSION = YES;
				CLANG_WARN_OBJC_IMPLICIT_RETAIN_SELF = YES;
				CLANG_WARN_OBJC_LITERAL_CONVERSION = YES;
				CLANG_WARN_OBJC_ROOT_CLASS = YES_ERROR;
				CLANG_WARN_RANGE_LOOP_ANALYSIS = YES;
				CLANG_WARN_STRICT_PROTOTYPES = YES;
				CLANG_WARN_SUSPICIOUS_MOVE = YES;
				CLANG_WARN_UNGUARDED_AVAILABILITY = YES_AGGRESSIVE;
				CLANG_WARN_UNREACHABLE_CODE = YES;
				CLANG_WARN__DUPLICATE_METHOD_MATCH = YES;
				CODE_SIGN_IDENTITY = "iPhone Developer";
				COPY_PHASE_STRIP = NO;
				DEBUG_INFORMATION_FORMAT = dwarf;
				ENABLE_STRICT_OBJC_MSGSEND = YES;
				ENABLE_TESTABILITY = YES;
				GCC_C_LANGUAGE_STANDARD = gnu11;
				GCC_DYNAMIC_NO_PIC = NO;
				GCC_NO_COMMON_BLOCKS = YES;
				GCC_OPTIMIZATION_LEVEL = 0;
				GCC_PREPROCESSOR_DEFINITIONS = (
					"DEBUG=1",
					"$(inherited)",
				);
				GCC_WARN_64_TO_32_BIT_CONVERSION = YES;
				GCC_WARN_ABOUT_RETURN_TYPE = YES_ERROR;
				GCC_WARN_UNDECLARED_SELECTOR = YES;
				GCC_WARN_UNINITIALIZED_AUTOS = YES_AGGRESSIVE;
				GCC_WARN_UNUSED_FUNCTION = YES;
				GCC_WARN_UNUSED_VARIABLE = YES;
				IPHONEOS_DEPLOYMENT_TARGET = 12.4;
				MTL_ENABLE_DEBUG_INFO = INCLUDE_SOURCE;
				MTL_FAST_MATH = YES;
				ONLY_ACTIVE_ARCH = YES;
				SDKROOT = iphoneos;
				SWIFT_ACTIVE_COMPILATION_CONDITIONS = DEBUG;
				SWIFT_OPTIMIZATION_LEVEL = "-Onone";
			};
			name = Debug;
		};
		17FEA0AD2358980B006B7762 /* Release */ = {
			isa = XCBuildConfiguration;
			buildSettings = {
				ALWAYS_SEARCH_USER_PATHS = NO;
				CLANG_ANALYZER_NONNULL = YES;
				CLANG_ANALYZER_NUMBER_OBJECT_CONVERSION = YES_AGGRESSIVE;
				CLANG_CXX_LANGUAGE_STANDARD = "gnu++14";
				CLANG_CXX_LIBRARY = "libc++";
				CLANG_ENABLE_MODULES = YES;
				CLANG_ENABLE_OBJC_ARC = YES;
				CLANG_ENABLE_OBJC_WEAK = YES;
				CLANG_WARN_BLOCK_CAPTURE_AUTORELEASING = YES;
				CLANG_WARN_BOOL_CONVERSION = YES;
				CLANG_WARN_COMMA = YES;
				CLANG_WARN_CONSTANT_CONVERSION = YES;
				CLANG_WARN_DEPRECATED_OBJC_IMPLEMENTATIONS = YES;
				CLANG_WARN_DIRECT_OBJC_ISA_USAGE = YES_ERROR;
				CLANG_WARN_DOCUMENTATION_COMMENTS = YES;
				CLANG_WARN_EMPTY_BODY = YES;
				CLANG_WARN_ENUM_CONVERSION = YES;
				CLANG_WARN_INFINITE_RECURSION = YES;
				CLANG_WARN_INT_CONVERSION = YES;
				CLANG_WARN_NON_LITERAL_NULL_CONVERSION = YES;
				CLANG_WARN_OBJC_IMPLICIT_RETAIN_SELF = YES;
				CLANG_WARN_OBJC_LITERAL_CONVERSION = YES;
				CLANG_WARN_OBJC_ROOT_CLASS = YES_ERROR;
				CLANG_WARN_RANGE_LOOP_ANALYSIS = YES;
				CLANG_WARN_STRICT_PROTOTYPES = YES;
				CLANG_WARN_SUSPICIOUS_MOVE = YES;
				CLANG_WARN_UNGUARDED_AVAILABILITY = YES_AGGRESSIVE;
				CLANG_WARN_UNREACHABLE_CODE = YES;
				CLANG_WARN__DUPLICATE_METHOD_MATCH = YES;
				CODE_SIGN_IDENTITY = "iPhone Developer";
				COPY_PHASE_STRIP = NO;
				DEBUG_INFORMATION_FORMAT = "dwarf-with-dsym";
				ENABLE_NS_ASSERTIONS = NO;
				ENABLE_STRICT_OBJC_MSGSEND = YES;
				GCC_C_LANGUAGE_STANDARD = gnu11;
				GCC_NO_COMMON_BLOCKS = YES;
				GCC_WARN_64_TO_32_BIT_CONVERSION = YES;
				GCC_WARN_ABOUT_RETURN_TYPE = YES_ERROR;
				GCC_WARN_UNDECLARED_SELECTOR = YES;
				GCC_WARN_UNINITIALIZED_AUTOS = YES_AGGRESSIVE;
				GCC_WARN_UNUSED_FUNCTION = YES;
				GCC_WARN_UNUSED_VARIABLE = YES;
				IPHONEOS_DEPLOYMENT_TARGET = 12.4;
				MTL_ENABLE_DEBUG_INFO = NO;
				MTL_FAST_MATH = YES;
				SDKROOT = iphoneos;
				SWIFT_COMPILATION_MODE = wholemodule;
				SWIFT_OPTIMIZATION_LEVEL = "-O";
				VALIDATE_PRODUCT = YES;
			};
			name = Release;
		};
		17FEA0AF2358980B006B7762 /* Debug */ = {
			isa = XCBuildConfiguration;
			buildSettings = {
				CODE_SIGN_STYLE = Automatic;
				OTHER_LDFLAGS = "-ObjC";
				PRODUCT_NAME = "$(TARGET_NAME)";
				SKIP_INSTALL = YES;
				SWIFT_VERSION = 5.0;
				TARGETED_DEVICE_FAMILY = "1,2";
			};
			name = Debug;
		};
		17FEA0B02358980B006B7762 /* Release */ = {
			isa = XCBuildConfiguration;
			buildSettings = {
				CODE_SIGN_STYLE = Automatic;
				OTHER_LDFLAGS = "-ObjC";
				PRODUCT_NAME = "$(TARGET_NAME)";
				SKIP_INSTALL = YES;
				SWIFT_VERSION = 5.0;
				TARGETED_DEVICE_FAMILY = "1,2";
			};
			name = Release;
		};
/* End XCBuildConfiguration section */

/* Begin XCConfigurationList section */
		17FEA0A22358980B006B7762 /* Build configuration list for PBXProject "RWSQLite" */ = {
			isa = XCConfigurationList;
			buildConfigurations = (
				17FEA0AC2358980B006B7762 /* Debug */,
				17FEA0AD2358980B006B7762 /* Release */,
			);
			defaultConfigurationIsVisible = 0;
			defaultConfigurationName = Release;
		};
		17FEA0AE2358980B006B7762 /* Build configuration list for PBXNativeTarget "RWSQLite" */ = {
			isa = XCConfigurationList;
			buildConfigurations = (
				17FEA0AF2358980B006B7762 /* Debug */,
				17FEA0B02358980B006B7762 /* Release */,
			);
			defaultConfigurationIsVisible = 0;
			defaultConfigurationName = Release;
		};
/* End XCConfigurationList section */
	};
	rootObject = 17FEA09F2358980B006B7762 /* Project object */;
}
